
Microsoft Visual Studio Solution File, Format Version 12.00
# Visual Studio 2012
Project("{8BC9CEB8-8B4A-11D0-8D11-00A0C91BC942}") = "mesh", "mesh\mesh.vcxproj", "{1C5B3709-AAA8-4A68-8162-3CE086C5B1CD}"
EndProject
Project("{8BC9CEB8-8B4A-11D0-8D11-00A0C91BC942}") = "prepare", "prepare\prepare.vcxproj", "{4D4835AC-87AF-4BFA-AAE3-143510726EE4}"
EndProject
Project("{8BC9CEB8-8B4A-11D0-8D11-00A0C91BC942}") = "solver", "solver\solver.vcxproj", "{AB3C82E2-7327-4D97-853C-4A52927BC740}"
EndProject
Global
	GlobalSection(SolutionConfigurationPlatforms) = preSolution
		Debug|Mixed Platforms = Debug|Mixed Platforms
		Debug|Win32 = Debug|Win32
		Debug|x64 = Debug|x64
		Release|Mixed Platforms = Release|Mixed Platforms
		Release|Win32 = Release|Win32
		Release|x64 = Release|x64
	EndGlobalSection
	GlobalSection(ProjectConfigurationPlatforms) = postSolution
		{1C5B3709-AAA8-4A68-8162-3CE086C5B1CD}.Debug|Mixed Platforms.ActiveCfg = Debug|x64
		{1C5B3709-AAA8-4A68-8162-3CE086C5B1CD}.Debug|Mixed Platforms.Build.0 = Debug|x64
		{1C5B3709-AAA8-4A68-8162-3CE086C5B1CD}.Debug|Win32.ActiveCfg = Debug|x64
		{1C5B3709-AAA8-4A68-8162-3CE086C5B1CD}.Debug|x64.ActiveCfg = Debug|x64
		{1C5B3709-AAA8-4A68-8162-3CE086C5B1CD}.Debug|x64.Build.0 = Debug|x64
		{1C5B3709-AAA8-4A68-8162-3CE086C5B1CD}.Release|Mixed Platforms.ActiveCfg = Release|x64
		{1C5B3709-AAA8-4A68-8162-3CE086C5B1CD}.Release|Mixed Platforms.Build.0 = Release|x64
		{1C5B3709-AAA8-4A68-8162-3CE086C5B1CD}.Release|Win32.ActiveCfg = Release|x64
		{1C5B3709-AAA8-4A68-8162-3CE086C5B1CD}.Release|x64.ActiveCfg = Release|x64
		{1C5B3709-AAA8-4A68-8162-3CE086C5B1CD}.Release|x64.Build.0 = Release|x64
		{4D4835AC-87AF-4BFA-AAE3-143510726EE4}.Debug|Mixed Platforms.ActiveCfg = Debug|x64
		{4D4835AC-87AF-4BFA-AAE3-143510726EE4}.Debug|Mixed Platforms.Build.0 = Debug|x64
		{4D4835AC-87AF-4BFA-AAE3-143510726EE4}.Debug|Win32.ActiveCfg = Debug|x64
		{4D4835AC-87AF-4BFA-AAE3-143510726EE4}.Debug|x64.ActiveCfg = Debug|x64
		{4D4835AC-87AF-4BFA-AAE3-143510726EE4}.Debug|x64.Build.0 = Debug|x64
		{4D4835AC-87AF-4BFA-AAE3-143510726EE4}.Release|Mixed Platforms.ActiveCfg = Release|x64
		{4D4835AC-87AF-4BFA-AAE3-143510726EE4}.Release|Mixed Platforms.Build.0 = Release|x64
		{4D4835AC-87AF-4BFA-AAE3-143510726EE4}.Release|Win32.ActiveCfg = Release|x64
		{4D4835AC-87AF-4BFA-AAE3-143510726EE4}.Release|x64.ActiveCfg = Release|x64
		{4D4835AC-87AF-4BFA-AAE3-143510726EE4}.Release|x64.Build.0 = Release|x64
		{AB3C82E2-7327-4D97-853C-4A52927BC740}.Debug|Mixed Platforms.ActiveCfg = Debug|x64
		{AB3C82E2-7327-4D97-853C-4A52927BC740}.Debug|Mixed Platforms.Build.0 = Debug|x64
		{AB3C82E2-7327-4D97-853C-4A52927BC740}.Debug|Win32.ActiveCfg = Debug|x64
		{AB3C82E2-7327-4D97-853C-4A52927BC740}.Debug|x64.ActiveCfg = Debug|x64
		{AB3C82E2-7327-4D97-853C-4A52927BC740}.Debug|x64.Build.0 = Debug|x64
		{AB3C82E2-7327-4D97-853C-4A52927BC740}.Release|Mixed Platforms.ActiveCfg = Release|x64
		{AB3C82E2-7327-4D97-853C-4A52927BC740}.Release|Mixed Platforms.Build.0 = Release|x64
		{AB3C82E2-7327-4D97-853C-4A52927BC740}.Release|Win32.ActiveCfg = Release|x64
		{AB3C82E2-7327-4D97-853C-4A52927BC740}.Release|x64.ActiveCfg = Release|x64
		{AB3C82E2-7327-4D97-853C-4A52927BC740}.Release|x64.Build.0 = Release|x64
	EndGlobalSection
	GlobalSection(SolutionProperties) = preSolution
		HideSolutionNode = FALSE
	EndGlobalSection
EndGlobal
